// !$*UTF8*$!
{
	archiveVersion = 1;
	classes = {
	};
	objectVersion = 55;
	objects = {

/* Begin PBXAggregateTarget section */
		7EB50A2E276B39D500D39E7A /* OneAuthXCFramework */ = {
			isa = PBXAggregateTarget;
			buildConfigurationList = 7EB50A31276B39D500D39E7A /* Build configuration list for PBXAggregateTarget "OneAuthXCFramework" */;
			buildPhases = (
				7EB50A32276B39E600D39E7A /* ShellScript */,
			);
			dependencies = (
			);
			name = OneAuthXCFramework;
			productName = OneAuthXCFramework;
		};
/* End PBXAggregateTarget section */

/* Begin PBXBuildFile section */
		7E7566E22769D25100C3872F /* OneAuth.h in Headers */ = {isa = PBXBuildFile; fileRef = 7E7566D62769D25100C3872F /* OneAuth.h */; settings = {ATTRIBUTES = (Public, ); }; };
		7E7566EC2769D2D200C3872F /* OneAuth.swift in Sources */ = {isa = PBXBuildFile; fileRef = 7E7566EB2769D2D200C3872F /* OneAuth.swift */; };
		7E7567012769D44D00C3872F /* Guard.framework in Frameworks */ = {isa = PBXBuildFile; fileRef = 7E7567002769D44D00C3872F /* Guard.framework */; };
		7E7567062769D77400C3872F /* libz.tbd in Frameworks */ = {isa = PBXBuildFile; fileRef = 7E7567052769D77400C3872F /* libz.tbd */; };
		7E7567082769D77900C3872F /* libc++.1.tbd in Frameworks */ = {isa = PBXBuildFile; fileRef = 7E7567072769D77900C3872F /* libc++.1.tbd */; };
		7E7567092769DE0B00C3872F /* NTESBaseComponent.framework in Frameworks */ = {isa = PBXBuildFile; fileRef = 7E7566F42769D44A00C3872F /* NTESBaseComponent.framework */; };
		7E75670A2769DE0C00C3872F /* NTESBaseComponent.framework in Embed Frameworks */ = {isa = PBXBuildFile; fileRef = 7E7566F42769D44A00C3872F /* NTESBaseComponent.framework */; settings = {ATTRIBUTES = (RemoveHeadersOnCopy, ); }; };
		7E75670C2769DE0D00C3872F /* NTESQuickPass.framework in Frameworks */ = {isa = PBXBuildFile; fileRef = 7E7566F02769D44900C3872F /* NTESQuickPass.framework */; };
		7E75670D2769DE0D00C3872F /* NTESQuickPass.framework in Embed Frameworks */ = {isa = PBXBuildFile; fileRef = 7E7566F02769D44900C3872F /* NTESQuickPass.framework */; settings = {ATTRIBUTES = (RemoveHeadersOnCopy, ); }; };
		7E75670E2769DE0F00C3872F /* WYEAccountApiSDK.framework in Frameworks */ = {isa = PBXBuildFile; fileRef = 7E7566F12769D44900C3872F /* WYEAccountApiSDK.framework */; };
		7E75670F2769DE0F00C3872F /* WYEAccountApiSDK.framework in Embed Frameworks */ = {isa = PBXBuildFile; fileRef = 7E7566F12769D44900C3872F /* WYEAccountApiSDK.framework */; settings = {ATTRIBUTES = (RemoveHeadersOnCopy, ); }; };
		7E7567102769DE1000C3872F /* WYOAuth.framework in Frameworks */ = {isa = PBXBuildFile; fileRef = 7E7566F22769D44900C3872F /* WYOAuth.framework */; };
		7E7567112769DE1000C3872F /* WYOAuth.framework in Embed Frameworks */ = {isa = PBXBuildFile; fileRef = 7E7566F22769D44900C3872F /* WYOAuth.framework */; settings = {ATTRIBUTES = (RemoveHeadersOnCopy, ); }; };
		7E7567122769DE1100C3872F /* WYTYRZUISDK.framework in Frameworks */ = {isa = PBXBuildFile; fileRef = 7E7566F32769D44A00C3872F /* WYTYRZUISDK.framework */; };
		7E7567132769DE1100C3872F /* WYTYRZUISDK.framework in Embed Frameworks */ = {isa = PBXBuildFile; fileRef = 7E7566F32769D44A00C3872F /* WYTYRZUISDK.framework */; settings = {ATTRIBUTES = (RemoveHeadersOnCopy, ); }; };
		7EB50A2A276B38F900D39E7A /* NTESQuickPassManager.h in Headers */ = {isa = PBXBuildFile; fileRef = 7EB50A26276B38F900D39E7A /* NTESQuickPassManager.h */; settings = {ATTRIBUTES = (Public, ); }; };
		7EB50A2B276B38F900D39E7A /* NTESQuickLoginModel.h in Headers */ = {isa = PBXBuildFile; fileRef = 7EB50A27276B38F900D39E7A /* NTESQuickLoginModel.h */; settings = {ATTRIBUTES = (Public, ); }; };
		7EB50A2C276B38F900D39E7A /* NTESQuickPass.h in Headers */ = {isa = PBXBuildFile; fileRef = 7EB50A28276B38F900D39E7A /* NTESQuickPass.h */; settings = {ATTRIBUTES = (Public, ); }; };
		7EB50A2D276B38F900D39E7A /* NTESQuickLoginManager.h in Headers */ = {isa = PBXBuildFile; fileRef = 7EB50A29276B38F900D39E7A /* NTESQuickLoginManager.h */; settings = {ATTRIBUTES = (Public, ); }; };
/* End PBXBuildFile section */

/* Begin PBXCopyFilesBuildPhase section */
		7E75670B2769DE0C00C3872F /* Embed Frameworks */ = {
			isa = PBXCopyFilesBuildPhase;
			buildActionMask = 2147483647;
			dstPath = "";
			dstSubfolderSpec = 10;
			files = (
				7E7567132769DE1100C3872F /* WYTYRZUISDK.framework in Embed Frameworks */,
				7E75670F2769DE0F00C3872F /* WYEAccountApiSDK.framework in Embed Frameworks */,
				7E75670A2769DE0C00C3872F /* NTESBaseComponent.framework in Embed Frameworks */,
				7E7567112769DE1000C3872F /* WYOAuth.framework in Embed Frameworks */,
				7E75670D2769DE0D00C3872F /* NTESQuickPass.framework in Embed Frameworks */,
			);
			name = "Embed Frameworks";
			runOnlyForDeploymentPostprocessing = 0;
		};
/* End PBXCopyFilesBuildPhase section */

/* Begin PBXFileReference section */
		7E7566D32769D25100C3872F /* OneAuth.framework */ = {isa = PBXFileReference; explicitFileType = wrapper.framework; includeInIndex = 0; path = OneAuth.framework; sourceTree = BUILT_PRODUCTS_DIR; };
		7E7566D62769D25100C3872F /* OneAuth.h */ = {isa = PBXFileReference; lastKnownFileType = sourcecode.c.h; path = OneAuth.h; sourceTree = "<group>"; };
		7E7566EB2769D2D200C3872F /* OneAuth.swift */ = {isa = PBXFileReference; lastKnownFileType = sourcecode.swift; path = OneAuth.swift; sourceTree = "<group>"; };
		7E7566F02769D44900C3872F /* NTESQuickPass.framework */ = {isa = PBXFileReference; lastKnownFileType = wrapper.framework; name = NTESQuickPass.framework; path = Frameworks/NTESQuickPass.framework; sourceTree = "<group>"; };
		7E7566F12769D44900C3872F /* WYEAccountApiSDK.framework */ = {isa = PBXFileReference; lastKnownFileType = wrapper.framework; name = WYEAccountApiSDK.framework; path = Frameworks/WYEAccountApiSDK.framework; sourceTree = "<group>"; };
		7E7566F22769D44900C3872F /* WYOAuth.framework */ = {isa = PBXFileReference; lastKnownFileType = wrapper.framework; name = WYOAuth.framework; path = Frameworks/WYOAuth.framework; sourceTree = "<group>"; };
		7E7566F32769D44A00C3872F /* WYTYRZUISDK.framework */ = {isa = PBXFileReference; lastKnownFileType = wrapper.framework; name = WYTYRZUISDK.framework; path = Frameworks/WYTYRZUISDK.framework; sourceTree = "<group>"; };
		7E7566F42769D44A00C3872F /* NTESBaseComponent.framework */ = {isa = PBXFileReference; lastKnownFileType = wrapper.framework; name = NTESBaseComponent.framework; path = Frameworks/NTESBaseComponent.framework; sourceTree = "<group>"; };
		7E7567002769D44D00C3872F /* Guard.framework */ = {isa = PBXFileReference; explicitFileType = wrapper.framework; path = Guard.framework; sourceTree = BUILT_PRODUCTS_DIR; };
		7E7567052769D77400C3872F /* libz.tbd */ = {isa = PBXFileReference; lastKnownFileType = "sourcecode.text-based-dylib-definition"; name = libz.tbd; path = Platforms/MacOSX.platform/Developer/SDKs/MacOSX12.0.sdk/usr/lib/libz.tbd; sourceTree = DEVELOPER_DIR; };
		7E7567072769D77900C3872F /* libc++.1.tbd */ = {isa = PBXFileReference; lastKnownFileType = "sourcecode.text-based-dylib-definition"; name = "libc++.1.tbd"; path = "Platforms/MacOSX.platform/Developer/SDKs/MacOSX12.0.sdk/usr/lib/libc++.1.tbd"; sourceTree = DEVELOPER_DIR; };
		7EB50A26276B38F900D39E7A /* NTESQuickPassManager.h */ = {isa = PBXFileReference; lastKnownFileType = sourcecode.c.h; path = NTESQuickPassManager.h; sourceTree = "<group>"; };
		7EB50A27276B38F900D39E7A /* NTESQuickLoginModel.h */ = {isa = PBXFileReference; lastKnownFileType = sourcecode.c.h; path = NTESQuickLoginModel.h; sourceTree = "<group>"; };
		7EB50A28276B38F900D39E7A /* NTESQuickPass.h */ = {isa = PBXFileReference; lastKnownFileType = sourcecode.c.h; path = NTESQuickPass.h; sourceTree = "<group>"; };
		7EB50A29276B38F900D39E7A /* NTESQuickLoginManager.h */ = {isa = PBXFileReference; lastKnownFileType = sourcecode.c.h; path = NTESQuickLoginManager.h; sourceTree = "<group>"; };
/* End PBXFileReference section */

/* Begin PBXFrameworksBuildPhase section */
		7E7566D02769D25100C3872F /* Frameworks */ = {
			isa = PBXFrameworksBuildPhase;
			buildActionMask = 2147483647;
			files = (
				7E7567082769D77900C3872F /* libc++.1.tbd in Frameworks */,
				7E75670C2769DE0D00C3872F /* NTESQuickPass.framework in Frameworks */,
				7E7567122769DE1100C3872F /* WYTYRZUISDK.framework in Frameworks */,
				7E7567062769D77400C3872F /* libz.tbd in Frameworks */,
				7E75670E2769DE0F00C3872F /* WYEAccountApiSDK.framework in Frameworks */,
				7E7567012769D44D00C3872F /* Guard.framework in Frameworks */,
				7E7567102769DE1000C3872F /* WYOAuth.framework in Frameworks */,
				7E7567092769DE0B00C3872F /* NTESBaseComponent.framework in Frameworks */,
			);
			runOnlyForDeploymentPostprocessing = 0;
		};
/* End PBXFrameworksBuildPhase section */

/* Begin PBXGroup section */
		7E7566C92769D25100C3872F = {
			isa = PBXGroup;
			children = (
				7E7566D52769D25100C3872F /* OneAuth */,
				7E7566D42769D25100C3872F /* Products */,
				7E7566EF2769D44900C3872F /* Frameworks */,
			);
			sourceTree = "<group>";
		};
		7E7566D42769D25100C3872F /* Products */ = {
			isa = PBXGroup;
			children = (
				7E7566D32769D25100C3872F /* OneAuth.framework */,
			);
			name = Products;
			sourceTree = "<group>";
		};
		7E7566D52769D25100C3872F /* OneAuth */ = {
			isa = PBXGroup;
			children = (
				7EB50A29276B38F900D39E7A /* NTESQuickLoginManager.h */,
				7EB50A27276B38F900D39E7A /* NTESQuickLoginModel.h */,
				7EB50A28276B38F900D39E7A /* NTESQuickPass.h */,
				7EB50A26276B38F900D39E7A /* NTESQuickPassManager.h */,
				7E7566D62769D25100C3872F /* OneAuth.h */,
				7E7566EB2769D2D200C3872F /* OneAuth.swift */,
			);
			path = OneAuth;
			sourceTree = "<group>";
		};
		7E7566EF2769D44900C3872F /* Frameworks */ = {
			isa = PBXGroup;
			children = (
				7E7567072769D77900C3872F /* libc++.1.tbd */,
				7E7567052769D77400C3872F /* libz.tbd */,
				7E7567002769D44D00C3872F /* Guard.framework */,
				7E7566F42769D44A00C3872F /* NTESBaseComponent.framework */,
				7E7566F02769D44900C3872F /* NTESQuickPass.framework */,
				7E7566F12769D44900C3872F /* WYEAccountApiSDK.framework */,
				7E7566F22769D44900C3872F /* WYOAuth.framework */,
				7E7566F32769D44A00C3872F /* WYTYRZUISDK.framework */,
			);
			name = Frameworks;
			sourceTree = "<group>";
		};
/* End PBXGroup section */

/* Begin PBXHeadersBuildPhase section */
		7E7566CE2769D25100C3872F /* Headers */ = {
			isa = PBXHeadersBuildPhase;
			buildActionMask = 2147483647;
			files = (
				7E7566E22769D25100C3872F /* OneAuth.h in Headers */,
				7EB50A2A276B38F900D39E7A /* NTESQuickPassManager.h in Headers */,
				7EB50A2B276B38F900D39E7A /* NTESQuickLoginModel.h in Headers */,
				7EB50A2C276B38F900D39E7A /* NTESQuickPass.h in Headers */,
				7EB50A2D276B38F900D39E7A /* NTESQuickLoginManager.h in Headers */,
			);
			runOnlyForDeploymentPostprocessing = 0;
		};
/* End PBXHeadersBuildPhase section */

/* Begin PBXNativeTarget section */
		7E7566D22769D25100C3872F /* OneAuth */ = {
			isa = PBXNativeTarget;
			buildConfigurationList = 7E7566E52769D25100C3872F /* Build configuration list for PBXNativeTarget "OneAuth" */;
			buildPhases = (
				7E7566CE2769D25100C3872F /* Headers */,
				7E7566CF2769D25100C3872F /* Sources */,
				7E7566D02769D25100C3872F /* Frameworks */,
				7E7566D12769D25100C3872F /* Resources */,
				7E75670B2769DE0C00C3872F /* Embed Frameworks */,
			);
			buildRules = (
			);
			dependencies = (
			);
			name = OneAuth;
			productName = OneAuth;
			productReference = 7E7566D32769D25100C3872F /* OneAuth.framework */;
			productType = "com.apple.product-type.framework";
		};
/* End PBXNativeTarget section */

/* Begin PBXProject section */
		7E7566CA2769D25100C3872F /* Project object */ = {
			isa = PBXProject;
			attributes = {
				BuildIndependentTargetsInParallel = 1;
				LastSwiftUpdateCheck = 1310;
				LastUpgradeCheck = 1310;
				TargetAttributes = {
					7E7566D22769D25100C3872F = {
						CreatedOnToolsVersion = 13.1;
						LastSwiftMigration = 1310;
					};
					7EB50A2E276B39D500D39E7A = {
						CreatedOnToolsVersion = 13.1;
					};
				};
			};
			buildConfigurationList = 7E7566CD2769D25100C3872F /* Build configuration list for PBXProject "OneAuth" */;
			compatibilityVersion = "Xcode 13.0";
			developmentRegion = en;
			hasScannedForEncodings = 0;
			knownRegions = (
				en,
				Base,
			);
			mainGroup = 7E7566C92769D25100C3872F;
			productRefGroup = 7E7566D42769D25100C3872F /* Products */;
			projectDirPath = "";
			projectRoot = "";
			targets = (
				7E7566D22769D25100C3872F /* OneAuth */,
				7EB50A2E276B39D500D39E7A /* OneAuthXCFramework */,
			);
		};
/* End PBXProject section */

/* Begin PBXResourcesBuildPhase section */
		7E7566D12769D25100C3872F /* Resources */ = {
			isa = PBXResourcesBuildPhase;
			buildActionMask = 2147483647;
			files = (
			);
			runOnlyForDeploymentPostprocessing = 0;
		};
/* End PBXResourcesBuildPhase section */

/* Begin PBXShellScriptBuildPhase section */
		7EB50A32276B39E600D39E7A /* ShellScript */ = {
			isa = PBXShellScriptBuildPhase;
			buildActionMask = 2147483647;
			files = (
			);
			inputFileListPaths = (
			);
			inputPaths = (
			);
			outputFileListPaths = (
			);
			outputPaths = (
			);
			runOnlyForDeploymentPostprocessing = 0;
			shellPath = /bin/sh;
			shellScript = "# Type a script or drag a script file from your workspace to insert its path.\nrm -rf \"${BUILD_DIR}/OneAuth.xcframework.zip\"\nrm -rf \"${BUILD_DIR}/OneAuth.xcframework\"\n\nxcodebuild -create-xcframework -framework \"${BUILD_DIR}/${CONFIGURATION}-iphoneos/OneAuth.framework\" -framework \"${BUILD_DIR}/${CONFIGURATION}-iphonesimulator/OneAuth.framework\" -output \"${BUILD_DIR}/OneAuth.xcframework\" \n\npushd \"${BUILD_DIR}\"\nzip -r -X \"OneAuth.xcframework.zip\" \"OneAuth.xcframework/\"\npopd\n\nshasum -a 256 \"${BUILD_DIR}/OneAuth.xcframework.zip\" > \"${BUILD_DIR}/1.txt\"\n\nopen \"${BUILD_DIR}\"\n";
		};
/* End PBXShellScriptBuildPhase section */

/* Begin PBXSourcesBuildPhase section */
		7E7566CF2769D25100C3872F /* Sources */ = {
			isa = PBXSourcesBuildPhase;
			buildActionMask = 2147483647;
			files = (
				7E7566EC2769D2D200C3872F /* OneAuth.swift in Sources */,
			);
			runOnlyForDeploymentPostprocessing = 0;
		};
/* End PBXSourcesBuildPhase section */

/* Begin XCBuildConfiguration section */
		7E7566E32769D25100C3872F /* Debug */ = {
			isa = XCBuildConfiguration;
			buildSettings = {
				ALWAYS_SEARCH_USER_PATHS = NO;
				CLANG_ANALYZER_NONNULL = YES;
				CLANG_ANALYZER_NUMBER_OBJECT_CONVERSION = YES_AGGRESSIVE;
				CLANG_CXX_LANGUAGE_STANDARD = "gnu++17";
				CLANG_CXX_LIBRARY = "libc++";
				CLANG_ENABLE_MODULES = YES;
				CLANG_ENABLE_OBJC_ARC = YES;
				CLANG_ENABLE_OBJC_WEAK = YES;
				CLANG_WARN_BLOCK_CAPTURE_AUTORELEASING = YES;
				CLANG_WARN_BOOL_CONVERSION = YES;
				CLANG_WARN_COMMA = YES;
				CLANG_WARN_CONSTANT_CONVERSION = YES;
				CLANG_WARN_DEPRECATED_OBJC_IMPLEMENTATIONS = YES;
				CLANG_WARN_DIRECT_OBJC_ISA_USAGE = YES_ERROR;
				CLANG_WARN_DOCUMENTATION_COMMENTS = YES;
				CLANG_WARN_EMPTY_BODY = YES;
				CLANG_WARN_ENUM_CONVERSION = YES;
				CLANG_WARN_INFINITE_RECURSION = YES;
				CLANG_WARN_INT_CONVERSION = YES;
				CLANG_WARN_NON_LITERAL_NULL_CONVERSION = YES;
				CLANG_WARN_OBJC_IMPLICIT_RETAIN_SELF = YES;
				CLANG_WARN_OBJC_LITERAL_CONVERSION = YES;
				CLANG_WARN_OBJC_ROOT_CLASS = YES_ERROR;
				CLANG_WARN_QUOTED_INCLUDE_IN_FRAMEWORK_HEADER = YES;
				CLANG_WARN_RANGE_LOOP_ANALYSIS = YES;
				CLANG_WARN_STRICT_PROTOTYPES = YES;
				CLANG_WARN_SUSPICIOUS_MOVE = YES;
				CLANG_WARN_UNGUARDED_AVAILABILITY = YES_AGGRESSIVE;
				CLANG_WARN_UNREACHABLE_CODE = YES;
				CLANG_WARN__DUPLICATE_METHOD_MATCH = YES;
				COPY_PHASE_STRIP = NO;
				CURRENT_PROJECT_VERSION = 1;
				DEBUG_INFORMATION_FORMAT = dwarf;
				ENABLE_STRICT_OBJC_MSGSEND = YES;
				ENABLE_TESTABILITY = YES;
				GCC_C_LANGUAGE_STANDARD = gnu11;
				GCC_DYNAMIC_NO_PIC = NO;
				GCC_NO_COMMON_BLOCKS = YES;
				GCC_OPTIMIZATION_LEVEL = 0;
				GCC_PREPROCESSOR_DEFINITIONS = (
					"DEBUG=1",
					"$(inherited)",
				);
				GCC_WARN_64_TO_32_BIT_CONVERSION = YES;
				GCC_WARN_ABOUT_RETURN_TYPE = YES_ERROR;
				GCC_WARN_UNDECLARED_SELECTOR = YES;
				GCC_WARN_UNINITIALIZED_AUTOS = YES_AGGRESSIVE;
				GCC_WARN_UNUSED_FUNCTION = YES;
				GCC_WARN_UNUSED_VARIABLE = YES;
				IPHONEOS_DEPLOYMENT_TARGET = 10.0;
				MTL_ENABLE_DEBUG_INFO = INCLUDE_SOURCE;
				MTL_FAST_MATH = YES;
				ONLY_ACTIVE_ARCH = YES;
				SDKROOT = iphoneos;
				SWIFT_ACTIVE_COMPILATION_CONDITIONS = DEBUG;
				SWIFT_OPTIMIZATION_LEVEL = "-Onone";
				VERSIONING_SYSTEM = "apple-generic";
				VERSION_INFO_PREFIX = "";
			};
			name = Debug;
		};
		7E7566E42769D25100C3872F /* Release */ = {
			isa = XCBuildConfiguration;
			buildSettings = {
				ALWAYS_SEARCH_USER_PATHS = NO;
				CLANG_ANALYZER_NONNULL = YES;
				CLANG_ANALYZER_NUMBER_OBJECT_CONVERSION = YES_AGGRESSIVE;
				CLANG_CXX_LANGUAGE_STANDARD = "gnu++17";
				CLANG_CXX_LIBRARY = "libc++";
				CLANG_ENABLE_MODULES = YES;
				CLANG_ENABLE_OBJC_ARC = YES;
				CLANG_ENABLE_OBJC_WEAK = YES;
				CLANG_WARN_BLOCK_CAPTURE_AUTORELEASING = YES;
				CLANG_WARN_BOOL_CONVERSION = YES;
				CLANG_WARN_COMMA = YES;
				CLANG_WARN_CONSTANT_CONVERSION = YES;
				CLANG_WARN_DEPRECATED_OBJC_IMPLEMENTATIONS = YES;
				CLANG_WARN_DIRECT_OBJC_ISA_USAGE = YES_ERROR;
				CLANG_WARN_DOCUMENTATION_COMMENTS = YES;
				CLANG_WARN_EMPTY_BODY = YES;
				CLANG_WARN_ENUM_CONVERSION = YES;
				CLANG_WARN_INFINITE_RECURSION = YES;
				CLANG_WARN_INT_CONVERSION = YES;
				CLANG_WARN_NON_LITERAL_NULL_CONVERSION = YES;
				CLANG_WARN_OBJC_IMPLICIT_RETAIN_SELF = YES;
				CLANG_WARN_OBJC_LITERAL_CONVERSION = YES;
				CLANG_WARN_OBJC_ROOT_CLASS = YES_ERROR;
				CLANG_WARN_QUOTED_INCLUDE_IN_FRAMEWORK_HEADER = YES;
				CLANG_WARN_RANGE_LOOP_ANALYSIS = YES;
				CLANG_WARN_STRICT_PROTOTYPES = YES;
				CLANG_WARN_SUSPICIOUS_MOVE = YES;
				CLANG_WARN_UNGUARDED_AVAILABILITY = YES_AGGRESSIVE;
				CLANG_WARN_UNREACHABLE_CODE = YES;
				CLANG_WARN__DUPLICATE_METHOD_MATCH = YES;
				COPY_PHASE_STRIP = NO;
				CURRENT_PROJECT_VERSION = 1;
				DEBUG_INFORMATION_FORMAT = "dwarf-with-dsym";
				ENABLE_NS_ASSERTIONS = NO;
				ENABLE_STRICT_OBJC_MSGSEND = YES;
				GCC_C_LANGUAGE_STANDARD = gnu11;
				GCC_NO_COMMON_BLOCKS = YES;
				GCC_WARN_64_TO_32_BIT_CONVERSION = YES;
				GCC_WARN_ABOUT_RETURN_TYPE = YES_ERROR;
				GCC_WARN_UNDECLARED_SELECTOR = YES;
				GCC_WARN_UNINITIALIZED_AUTOS = YES_AGGRESSIVE;
				GCC_WARN_UNUSED_FUNCTION = YES;
				GCC_WARN_UNUSED_VARIABLE = YES;
				IPHONEOS_DEPLOYMENT_TARGET = 10.0;
				MTL_ENABLE_DEBUG_INFO = NO;
				MTL_FAST_MATH = YES;
				SDKROOT = iphoneos;
				SWIFT_COMPILATION_MODE = wholemodule;
				SWIFT_OPTIMIZATION_LEVEL = "-O";
				VALIDATE_PRODUCT = YES;
				VERSIONING_SYSTEM = "apple-generic";
				VERSION_INFO_PREFIX = "";
			};
			name = Release;
		};
		7E7566E62769D25100C3872F /* Debug */ = {
			isa = XCBuildConfiguration;
			buildSettings = {
				BUILD_LIBRARY_FOR_DISTRIBUTION = YES;
				CLANG_ALLOW_NON_MODULAR_INCLUDES_IN_FRAMEWORK_MODULES = YES;
				CLANG_ENABLE_MODULES = YES;
				CODE_SIGN_STYLE = Automatic;
				CURRENT_PROJECT_VERSION = 1;
				DEFINES_MODULE = YES;
				DEVELOPMENT_TEAM = N7MT678JXL;
				DYLIB_COMPATIBILITY_VERSION = 1;
				DYLIB_CURRENT_VERSION = 1;
				DYLIB_INSTALL_NAME_BASE = "@rpath";
				EXCLUDED_ARCHS = armv7;
				FRAMEWORK_SEARCH_PATHS = (
					"$(inherited)",
					"$(PROJECT_DIR)/Frameworks",
				);
				GENERATE_INFOPLIST_FILE = YES;
				INFOPLIST_KEY_NSHumanReadableCopyright = "";
				INSTALL_PATH = "$(LOCAL_LIBRARY_DIR)/Frameworks";
				IPHONEOS_DEPLOYMENT_TARGET = 10.0;
				LD_RUNPATH_SEARCH_PATHS = (
					"$(inherited)",
					"@executable_path/Frameworks",
					"@loader_path/Frameworks",
				);
				MARKETING_VERSION = 1.0;
				OTHER_LDFLAGS = "-ObjC";
				PRODUCT_BUNDLE_IDENTIFIER = cn.authing.OneAuth;
				PRODUCT_NAME = "$(TARGET_NAME:c99extidentifier)";
				SKIP_INSTALL = YES;
				STRIP_INSTALLED_PRODUCT = NO;
				SWIFT_EMIT_LOC_STRINGS = YES;
				SWIFT_OBJC_BRIDGING_HEADER = "";
				SWIFT_OPTIMIZATION_LEVEL = "-Onone";
				SWIFT_VERSION = 5.0;
				TARGETED_DEVICE_FAMILY = "1,2";
				VALIDATE_WORKSPACE = YES;
			};
			name = Debug;
		};
		7E7566E72769D25100C3872F /* Release */ = {
			isa = XCBuildConfiguration;
			buildSettings = {
				BUILD_LIBRARY_FOR_DISTRIBUTION = YES;
				CLANG_ALLOW_NON_MODULAR_INCLUDES_IN_FRAMEWORK_MODULES = YES;
				CLANG_ENABLE_MODULES = YES;
				CODE_SIGN_STYLE = Automatic;
				CURRENT_PROJECT_VERSION = 1;
				DEFINES_MODULE = YES;
				DEVELOPMENT_TEAM = N7MT678JXL;
				DYLIB_COMPATIBILITY_VERSION = 1;
				DYLIB_CURRENT_VERSION = 1;
				DYLIB_INSTALL_NAME_BASE = "@rpath";
				EXCLUDED_ARCHS = armv7;
				FRAMEWORK_SEARCH_PATHS = (
					"$(inherited)",
					"$(PROJECT_DIR)/Frameworks",
				);
				GENERATE_INFOPLIST_FILE = YES;
				INFOPLIST_KEY_NSHumanReadableCopyright = "";
				INSTALL_PATH = "$(LOCAL_LIBRARY_DIR)/Frameworks";
				IPHONEOS_DEPLOYMENT_TARGET = 10.0;
				LD_RUNPATH_SEARCH_PATHS = (
					"$(inherited)",
					"@executable_path/Frameworks",
					"@loader_path/Frameworks",
				);
				MARKETING_VERSION = 1.0;
				OTHER_LDFLAGS = "-ObjC";
				PRODUCT_BUNDLE_IDENTIFIER = cn.authing.OneAuth;
				PRODUCT_NAME = "$(TARGET_NAME:c99extidentifier)";
				SKIP_INSTALL = YES;
				SWIFT_EMIT_LOC_STRINGS = YES;
				SWIFT_OBJC_BRIDGING_HEADER = "";
				SWIFT_VERSION = 5.0;
				TARGETED_DEVICE_FAMILY = "1,2";
				VALIDATE_WORKSPACE = YES;
			};
			name = Release;
		};
		7EB50A2F276B39D500D39E7A /* Debug */ = {
			isa = XCBuildConfiguration;
			buildSettings = {
				CLANG_ALLOW_NON_MODULAR_INCLUDES_IN_FRAMEWORK_MODULES = YES;
				CODE_SIGN_STYLE = Automatic;
				DEVELOPMENT_TEAM = N7MT678JXL;
				PRODUCT_NAME = "$(TARGET_NAME)";
			};
			name = Debug;
		};
		7EB50A30276B39D500D39E7A /* Release */ = {
			isa = XCBuildConfiguration;
			buildSettings = {
				CLANG_ALLOW_NON_MODULAR_INCLUDES_IN_FRAMEWORK_MODULES = YES;
				CODE_SIGN_STYLE = Automatic;
				DEVELOPMENT_TEAM = N7MT678JXL;
				PRODUCT_NAME = "$(TARGET_NAME)";
			};
			name = Release;
		};
/* End XCBuildConfiguration section */

/* Begin XCConfigurationList section */
		7E7566CD2769D25100C3872F /* Build configuration list for PBXProject "OneAuth" */ = {
			isa = XCConfigurationList;
			buildConfigurations = (
				7E7566E32769D25100C3872F /* Debug */,
				7E7566E42769D25100C3872F /* Release */,
			);
			defaultConfigurationIsVisible = 0;
			defaultConfigurationName = Release;
		};
		7E7566E52769D25100C3872F /* Build configuration list for PBXNativeTarget "OneAuth" */ = {
			isa = XCConfigurationList;
			buildConfigurations = (
				7E7566E62769D25100C3872F /* Debug */,
				7E7566E72769D25100C3872F /* Release */,
			);
			defaultConfigurationIsVisible = 0;
			defaultConfigurationName = Release;
		};
		7EB50A31276B39D500D39E7A /* Build configuration list for PBXAggregateTarget "OneAuthXCFramework" */ = {
			isa = XCConfigurationList;
			buildConfigurations = (
				7EB50A2F276B39D500D39E7A /* Debug */,
				7EB50A30276B39D500D39E7A /* Release */,
			);
			defaultConfigurationIsVisible = 0;
			defaultConfigurationName = Release;
		};
/* End XCConfigurationList section */
	};
	rootObject = 7E7566CA2769D25100C3872F /* Project object */;
}
