{
  "pins" : [
    {
      "identity" : "appauth-ios",
      "kind" : "remoteSourceControl",
      "location" : "https://github.com/openid/AppAuth-iOS.git",
      "state" : {
        "branch" : "master",
        "revision" : "e191b1beadf3041259652e6e464eaceff16e5fbb"
      }
    }
  ],
  "version" : 2
}
