{
  "pins" : [
    {
      "identity" : "appauth-ios",
      "kind" : "remoteSourceControl",
      "location" : "https://github.com/openid/AppAuth-iOS.git",
      "state" : {
        "branch" : "master",
        "revision" : "8582608849acbd2a434307a19da3a4f8f7267564"
      }
    },
    {
      "identity" : "guard-ios-oneauth",
      "kind" : "remoteSourceControl",
      "location" : "https://github.com/Authing/guard-ios-oneauth",
      "state" : {
        "revision" : "faa761d5839917adc825692955e08ea7dc3453c0",
        "version" : "1.0.7"
      }
    },
    {
      "identity" : "guard-ios-wechat",
      "kind" : "remoteSourceControl",
      "location" : "https://github.com/Authing/guard-ios-wechat",
      "state" : {
        "revision" : "67b6afa6354597d5e3873f63808063b6050874bd",
        "version" : "1.0.2"
      }
    },
    {
      "identity" : "guard-ios-wecom",
      "kind" : "remoteSourceControl",
      "location" : "https://github.com/Authing/guard-ios-wecom",
      "state" : {
        "revision" : "1754b48dd36b4ab2c99f527c59abaab5cb4c4173",
        "version" : "1.0.1"
      }
    }
  ],
  "version" : 2
}
